
Microsoft Visual Studio Solution File, Format Version 12.00
# Visual Studio Version 16
VisualStudioVersion = 16.0.31911.196
MinimumVisualStudioVersion = 10.0.40219.1
Project("{FAE04EC0-301F-11D3-BF4B-00C04F79EFBC}") = "IdentityServer", "IdentityServer\IdentityServer.csproj", "{7ED08227-9BC0-4D34-A853-63602BD10289}"
EndProject
Project("{FAE04EC0-301F-11D3-BF4B-00C04F79EFBC}") = "Client", "Client\Client.csproj", "{3B63E7C7-A516-4E61-A0E8-19A297B311D4}"
EndProject
Project("{FAE04EC0-301F-11D3-BF4B-00C04F79EFBC}") = "Api", "Api\Api.csproj", "{AEB5BC24-0EA4-4F98-A779-DFB95DCB02FE}"
EndProject
Global
	GlobalSection(SolutionConfigurationPlatforms) = preSolution
		Debug|Any CPU = Debug|Any CPU
		Release|Any CPU = Release|Any CPU
	EndGlobalSection
	GlobalSection(ProjectConfigurationPlatforms) = postSolution
		{7ED08227-9BC0-4D34-A853-63602BD10289}.Debug|Any CPU.ActiveCfg = Debug|Any CPU
		{7ED08227-9BC0-4D34-A853-63602BD10289}.Debug|Any CPU.Build.0 = Debug|Any CPU
		{7ED08227-9BC0-4D34-A853-63602BD10289}.Release|Any CPU.ActiveCfg = Release|Any CPU
		{7ED08227-9BC0-4D34-A853-63602BD10289}.Release|Any CPU.Build.0 = Release|Any CPU
		{3B63E7C7-A516-4E61-A0E8-19A297B311D4}.Debug|Any CPU.ActiveCfg = Debug|Any CPU
		{3B63E7C7-A516-4E61-A0E8-19A297B311D4}.Debug|Any CPU.Build.0 = Debug|Any CPU
		{3B63E7C7-A516-4E61-A0E8-19A297B311D4}.Release|Any CPU.ActiveCfg = Release|Any CPU
		{3B63E7C7-A516-4E61-A0E8-19A297B311D4}.Release|Any CPU.Build.0 = Release|Any CPU
		{AEB5BC24-0EA4-4F98-A779-DFB95DCB02FE}.Debug|Any CPU.ActiveCfg = Debug|Any CPU
		{AEB5BC24-0EA4-4F98-A779-DFB95DCB02FE}.Debug|Any CPU.Build.0 = Debug|Any CPU
		{AEB5BC24-0EA4-4F98-A779-DFB95DCB02FE}.Release|Any CPU.ActiveCfg = Release|Any CPU
		{AEB5BC24-0EA4-4F98-A779-DFB95DCB02FE}.Release|Any CPU.Build.0 = Release|Any CPU
	EndGlobalSection
	GlobalSection(SolutionProperties) = preSolution
		HideSolutionNode = FALSE
	EndGlobalSection
	GlobalSection(ExtensibilityGlobals) = postSolution
		SolutionGuid = {B2D44988-E912-4BC5-8AD4-BED2112F59E0}
	EndGlobalSection
EndGlobal
